
Microsoft Visual Studio Solution File, Format Version 12.00
# Visual Studio Version 16
VisualStudioVersion = 16.0.30413.136
MinimumVisualStudioVersion = 10.0.40219.1
Project("{FAE04EC0-301F-11D3-BF4B-00C04F79EFBC}") = "talent show", "talent show\talent show.csproj", "{28912ECD-F4BA-455F-81BD-5E94C2204BD3}"
EndProject
Global
	GlobalSection(SolutionConfigurationPlatforms) = preSolution
		Debug|Any CPU = Debug|Any CPU
		Release|Any CPU = Release|Any CPU
	EndGlobalSection
	GlobalSection(ProjectConfigurationPlatforms) = postSolution
		{28912ECD-F4BA-455F-81BD-5E94C2204BD3}.Debug|Any CPU.ActiveCfg = Debug|Any CPU
		{28912ECD-F4BA-455F-81BD-5E94C2204BD3}.Debug|Any CPU.Build.0 = Debug|Any CPU
		{28912ECD-F4BA-455F-81BD-5E94C2204BD3}.Release|Any CPU.ActiveCfg = Release|Any CPU
		{28912ECD-F4BA-455F-81BD-5E94C2204BD3}.Release|Any CPU.Build.0 = Release|Any CPU
	EndGlobalSection
	GlobalSection(SolutionProperties) = preSolution
		HideSolutionNode = FALSE
	EndGlobalSection
	GlobalSection(ExtensibilityGlobals) = postSolution
		SolutionGuid = {39ADA3E7-E497-4B4E-B401-D93D075688FC}
	EndGlobalSection
EndGlobal
